
Microsoft Visual Studio Solution File, Format Version 12.00
# Visual Studio Version 16
VisualStudioVersion = 16.0.34114.132
MinimumVisualStudioVersion = 10.0.40219.1
Project("{8BC9CEB8-8B4A-11D0-8D11-00A0C91BC942}") = "ctf", "ctf\ctf.vcxproj", "{5B3D706A-4825-E865-5739-963E9E1758D0}"
EndProject
Project("{8BC9CEB8-8B4A-11D0-8D11-00A0C91BC942}") = "game", "game\game.vcxproj", "{D1F2926B-5668-01CB-8504-34494E5D7D4B}"
EndProject
Project("{8BC9CEB8-8B4A-11D0-8D11-00A0C91BC942}") = "quake2", "quake2.vcxproj", "{0093E157-9691-3A41-7274-BB2F4658BB05}"
	ProjectSection(ProjectDependencies) = postProject
		{E076A42C-2F93-5D83-1082-EE2EC87BA60C} = {E076A42C-2F93-5D83-1082-EE2EC87BA60C}
		{D1F2926B-5668-01CB-8504-34494E5D7D4B} = {D1F2926B-5668-01CB-8504-34494E5D7D4B}
		{643FAAD2-53CC-08EF-95E6-45C082A7633C} = {643FAAD2-53CC-08EF-95E6-45C082A7633C}
	EndProjectSection
EndProject
Project("{8BC9CEB8-8B4A-11D0-8D11-00A0C91BC942}") = "ref_gl", "ref_gl\ref_gl.vcxproj", "{E076A42C-2F93-5D83-1082-EE2EC87BA60C}"
EndProject
Project("{8BC9CEB8-8B4A-11D0-8D11-00A0C91BC942}") = "ref_soft", "ref_soft\ref_soft.vcxproj", "{643FAAD2-53CC-08EF-95E6-45C082A7633C}"
EndProject
Global
	GlobalSection(SolutionConfigurationPlatforms) = preSolution
		Debug|Win32 = Debug|Win32
		Release|Win32 = Release|Win32
	EndGlobalSection
	GlobalSection(ProjectConfigurationPlatforms) = postSolution
		{5B3D706A-4825-E865-5739-963E9E1758D0}.Debug|Win32.ActiveCfg = Debug|Win32
		{5B3D706A-4825-E865-5739-963E9E1758D0}.Debug|Win32.Build.0 = Debug|Win32
		{5B3D706A-4825-E865-5739-963E9E1758D0}.Release|Win32.ActiveCfg = Release|Win32
		{5B3D706A-4825-E865-5739-963E9E1758D0}.Release|Win32.Build.0 = Release|Win32
		{D1F2926B-5668-01CB-8504-34494E5D7D4B}.Debug|Win32.ActiveCfg = Debug|Win32
		{D1F2926B-5668-01CB-8504-34494E5D7D4B}.Debug|Win32.Build.0 = Debug|Win32
		{D1F2926B-5668-01CB-8504-34494E5D7D4B}.Release|Win32.ActiveCfg = Release|Win32
		{D1F2926B-5668-01CB-8504-34494E5D7D4B}.Release|Win32.Build.0 = Release|Win32
		{0093E157-9691-3A41-7274-BB2F4658BB05}.Debug|Win32.ActiveCfg = Debug|Win32
		{0093E157-9691-3A41-7274-BB2F4658BB05}.Debug|Win32.Build.0 = Debug|Win32
		{0093E157-9691-3A41-7274-BB2F4658BB05}.Release|Win32.ActiveCfg = Release|Win32
		{0093E157-9691-3A41-7274-BB2F4658BB05}.Release|Win32.Build.0 = Release|Win32
		{E076A42C-2F93-5D83-1082-EE2EC87BA60C}.Debug|Win32.ActiveCfg = Debug|Win32
		{E076A42C-2F93-5D83-1082-EE2EC87BA60C}.Debug|Win32.Build.0 = Debug|Win32
		{E076A42C-2F93-5D83-1082-EE2EC87BA60C}.Release|Win32.ActiveCfg = Release|Win32
		{E076A42C-2F93-5D83-1082-EE2EC87BA60C}.Release|Win32.Build.0 = Release|Win32
		{643FAAD2-53CC-08EF-95E6-45C082A7633C}.Debug|Win32.ActiveCfg = Debug|Win32
		{643FAAD2-53CC-08EF-95E6-45C082A7633C}.Debug|Win32.Build.0 = Debug|Win32
		{643FAAD2-53CC-08EF-95E6-45C082A7633C}.Release|Win32.ActiveCfg = Release|Win32
		{643FAAD2-53CC-08EF-95E6-45C082A7633C}.Release|Win32.Build.0 = Release|Win32
	EndGlobalSection
	GlobalSection(SolutionProperties) = preSolution
		HideSolutionNode = FALSE
	EndGlobalSection
	GlobalSection(ExtensibilityGlobals) = postSolution
		SolutionGuid = {FA47E4E6-F376-4D29-A70E-20DD2950BF74}
	EndGlobalSection
EndGlobal
